
Microsoft Visual Studio Solution File, Format Version 12.00
# Visual Studio Version 17
VisualStudioVersion = 17.6.33801.468
MinimumVisualStudioVersion = 10.0.40219.1
Project("{FAE04EC0-301F-11D3-BF4B-00C04F79EFBC}") = "Calculator", "Calculator.csproj", "{4366127B-4DFF-4AFE-985F-2EF15E4F8666}"
EndProject
Global
	GlobalSection(SolutionConfigurationPlatforms) = preSolution
		Debug|Any CPU = Debug|Any CPU
		Release|Any CPU = Release|Any CPU
	EndGlobalSection
	GlobalSection(ProjectConfigurationPlatforms) = postSolution
		{4366127B-4DFF-4AFE-985F-2EF15E4F8666}.Debug|Any CPU.ActiveCfg = Debug|Any CPU
		{4366127B-4DFF-4AFE-985F-2EF15E4F8666}.Debug|Any CPU.Build.0 = Debug|Any CPU
		{4366127B-4DFF-4AFE-985F-2EF15E4F8666}.Release|Any CPU.ActiveCfg = Release|Any CPU
		{4366127B-4DFF-4AFE-985F-2EF15E4F8666}.Release|Any CPU.Build.0 = Release|Any CPU
	EndGlobalSection
	GlobalSection(SolutionProperties) = preSolution
		HideSolutionNode = FALSE
	EndGlobalSection
	GlobalSection(ExtensibilityGlobals) = postSolution
		SolutionGuid = {BC316E75-32CE-429A-BD0C-A4CF6FEF3BB9}
	EndGlobalSection
EndGlobal
